# This file is automatically @generated by Cargo.
# It is not intended for manual editing.
version = 3

[[package]]
name = "audioforpi"
version = "0.1.0"
dependencies = [
 "rppal",
]

[[package]]
name = "libc"
version = "0.2.155"
source = "registry+https://github.com/rust-lang/crates.io-index"
checksum = "97b3888a4aecf77e811145cadf6eef5901f4782c53886191b2f693f24761847c"

[[package]]
name = "rppal"
version = "0.18.0"
source = "registry+https://github.com/rust-lang/crates.io-index"
checksum = "ae44db779bd0898047804d22b662a9dc533b142c077b3f7e36003f658835c5b9"
dependencies = [
 "libc",
]
